
Microsoft Visual Studio Solution File, Format Version 12.00
# Visual Studio Version 16
VisualStudioVersion = 16.0.29102.190
MinimumVisualStudioVersion = 10.0.40219.1
Project("{8BC9CEB8-8B4A-11D0-8D11-00A0C91BC942}") = "Vid2NesFMV", "Vid2NesFMV\Vid2NesFMV.vcxproj", "{9C732E6A-BF17-46F2-AFB6-D27B4C131423}"
EndProject
Project("{8BC9CEB8-8B4A-11D0-8D11-00A0C91BC942}") = "LiveStream", "LiveStream\LiveStream.vcxproj", "{A504D138-4C21-4C59-BC34-D969568F99FC}"
EndProject
Project("{8BC9CEB8-8B4A-11D0-8D11-00A0C91BC942}") = "VidTx", "VidTx\VidTx.vcxproj", "{B389669E-AE1D-460F-895E-FB8F16AE4D0A}"
EndProject
Project("{8BC9CEB8-8B4A-11D0-8D11-00A0C91BC942}") = "VidRx", "VidRx\VidRx.vcxproj", "{D06172DF-06F5-4FAF-971C-395CBB150B19}"
EndProject
Project("{8BC9CEB8-8B4A-11D0-8D11-00A0C91BC942}") = "PWMAudio", "PWMAudio\PWMAudio.vcxproj", "{6095EC5B-8F94-45A8-A693-A9B7DD4572F7}"
EndProject
Project("{8BC9CEB8-8B4A-11D0-8D11-00A0C91BC942}") = "dynarec", "dynarec\dynarec.vcxproj", "{6201F9C5-2ED8-45DD-9286-CAAA3136CF90}"
EndProject
Project("{8BC9CEB8-8B4A-11D0-8D11-00A0C91BC942}") = "Dijkstra", "Dijkstra\Dijkstra.vcxproj", "{AB076D79-FDCD-4BA3-84B7-B5FCEBADCD24}"
EndProject
Project("{888888A0-9F3D-457C-B088-3A5042F75D52}") = "CheckAllAnimeCorruption", "CheckAllAnimeCorruption\CheckAllAnimeCorruption.pyproj", "{DFEE20C4-A125-42A9-B12D-4327AB553CB0}"
EndProject
Global
	GlobalSection(SolutionConfigurationPlatforms) = preSolution
		Debug|Any CPU = Debug|Any CPU
		Debug|x64 = Debug|x64
		Debug|x86 = Debug|x86
		Release|Any CPU = Release|Any CPU
		Release|x64 = Release|x64
		Release|x86 = Release|x86
	EndGlobalSection
	GlobalSection(ProjectConfigurationPlatforms) = postSolution
		{9C732E6A-BF17-46F2-AFB6-D27B4C131423}.Debug|Any CPU.ActiveCfg = Debug|Win32
		{9C732E6A-BF17-46F2-AFB6-D27B4C131423}.Debug|x64.ActiveCfg = Debug|x64
		{9C732E6A-BF17-46F2-AFB6-D27B4C131423}.Debug|x64.Build.0 = Debug|x64
		{9C732E6A-BF17-46F2-AFB6-D27B4C131423}.Debug|x86.ActiveCfg = Debug|Win32
		{9C732E6A-BF17-46F2-AFB6-D27B4C131423}.Debug|x86.Build.0 = Debug|Win32
		{9C732E6A-BF17-46F2-AFB6-D27B4C131423}.Release|Any CPU.ActiveCfg = Release|Win32
		{9C732E6A-BF17-46F2-AFB6-D27B4C131423}.Release|x64.ActiveCfg = Release|x64
		{9C732E6A-BF17-46F2-AFB6-D27B4C131423}.Release|x64.Build.0 = Release|x64
		{9C732E6A-BF17-46F2-AFB6-D27B4C131423}.Release|x86.ActiveCfg = Release|Win32
		{9C732E6A-BF17-46F2-AFB6-D27B4C131423}.Release|x86.Build.0 = Release|Win32
		{A504D138-4C21-4C59-BC34-D969568F99FC}.Debug|Any CPU.ActiveCfg = Debug|Win32
		{A504D138-4C21-4C59-BC34-D969568F99FC}.Debug|x64.ActiveCfg = Debug|x64
		{A504D138-4C21-4C59-BC34-D969568F99FC}.Debug|x64.Build.0 = Debug|x64
		{A504D138-4C21-4C59-BC34-D969568F99FC}.Debug|x86.ActiveCfg = Debug|Win32
		{A504D138-4C21-4C59-BC34-D969568F99FC}.Debug|x86.Build.0 = Debug|Win32
		{A504D138-4C21-4C59-BC34-D969568F99FC}.Release|Any CPU.ActiveCfg = Release|Win32
		{A504D138-4C21-4C59-BC34-D969568F99FC}.Release|x64.ActiveCfg = Release|x64
		{A504D138-4C21-4C59-BC34-D969568F99FC}.Release|x64.Build.0 = Release|x64
		{A504D138-4C21-4C59-BC34-D969568F99FC}.Release|x86.ActiveCfg = Release|Win32
		{A504D138-4C21-4C59-BC34-D969568F99FC}.Release|x86.Build.0 = Release|Win32
		{B389669E-AE1D-460F-895E-FB8F16AE4D0A}.Debug|Any CPU.ActiveCfg = Debug|Win32
		{B389669E-AE1D-460F-895E-FB8F16AE4D0A}.Debug|x64.ActiveCfg = Debug|x64
		{B389669E-AE1D-460F-895E-FB8F16AE4D0A}.Debug|x64.Build.0 = Debug|x64
		{B389669E-AE1D-460F-895E-FB8F16AE4D0A}.Debug|x86.ActiveCfg = Debug|Win32
		{B389669E-AE1D-460F-895E-FB8F16AE4D0A}.Debug|x86.Build.0 = Debug|Win32
		{B389669E-AE1D-460F-895E-FB8F16AE4D0A}.Release|Any CPU.ActiveCfg = Release|Win32
		{B389669E-AE1D-460F-895E-FB8F16AE4D0A}.Release|x64.ActiveCfg = Release|x64
		{B389669E-AE1D-460F-895E-FB8F16AE4D0A}.Release|x64.Build.0 = Release|x64
		{B389669E-AE1D-460F-895E-FB8F16AE4D0A}.Release|x86.ActiveCfg = Release|Win32
		{B389669E-AE1D-460F-895E-FB8F16AE4D0A}.Release|x86.Build.0 = Release|Win32
		{D06172DF-06F5-4FAF-971C-395CBB150B19}.Debug|Any CPU.ActiveCfg = Debug|Win32
		{D06172DF-06F5-4FAF-971C-395CBB150B19}.Debug|x64.ActiveCfg = Debug|x64
		{D06172DF-06F5-4FAF-971C-395CBB150B19}.Debug|x64.Build.0 = Debug|x64
		{D06172DF-06F5-4FAF-971C-395CBB150B19}.Debug|x86.ActiveCfg = Debug|Win32
		{D06172DF-06F5-4FAF-971C-395CBB150B19}.Debug|x86.Build.0 = Debug|Win32
		{D06172DF-06F5-4FAF-971C-395CBB150B19}.Release|Any CPU.ActiveCfg = Release|Win32
		{D06172DF-06F5-4FAF-971C-395CBB150B19}.Release|x64.ActiveCfg = Release|x64
		{D06172DF-06F5-4FAF-971C-395CBB150B19}.Release|x64.Build.0 = Release|x64
		{D06172DF-06F5-4FAF-971C-395CBB150B19}.Release|x86.ActiveCfg = Release|Win32
		{D06172DF-06F5-4FAF-971C-395CBB150B19}.Release|x86.Build.0 = Release|Win32
		{6095EC5B-8F94-45A8-A693-A9B7DD4572F7}.Debug|Any CPU.ActiveCfg = Debug|Win32
		{6095EC5B-8F94-45A8-A693-A9B7DD4572F7}.Debug|x64.ActiveCfg = Debug|x64
		{6095EC5B-8F94-45A8-A693-A9B7DD4572F7}.Debug|x64.Build.0 = Debug|x64
		{6095EC5B-8F94-45A8-A693-A9B7DD4572F7}.Debug|x86.ActiveCfg = Debug|Win32
		{6095EC5B-8F94-45A8-A693-A9B7DD4572F7}.Debug|x86.Build.0 = Debug|Win32
		{6095EC5B-8F94-45A8-A693-A9B7DD4572F7}.Release|Any CPU.ActiveCfg = Release|Win32
		{6095EC5B-8F94-45A8-A693-A9B7DD4572F7}.Release|x64.ActiveCfg = Release|x64
		{6095EC5B-8F94-45A8-A693-A9B7DD4572F7}.Release|x64.Build.0 = Release|x64
		{6095EC5B-8F94-45A8-A693-A9B7DD4572F7}.Release|x86.ActiveCfg = Release|Win32
		{6095EC5B-8F94-45A8-A693-A9B7DD4572F7}.Release|x86.Build.0 = Release|Win32
		{6201F9C5-2ED8-45DD-9286-CAAA3136CF90}.Debug|Any CPU.ActiveCfg = Debug|Win32
		{6201F9C5-2ED8-45DD-9286-CAAA3136CF90}.Debug|x64.ActiveCfg = Debug|x64
		{6201F9C5-2ED8-45DD-9286-CAAA3136CF90}.Debug|x64.Build.0 = Debug|x64
		{6201F9C5-2ED8-45DD-9286-CAAA3136CF90}.Debug|x86.ActiveCfg = Debug|Win32
		{6201F9C5-2ED8-45DD-9286-CAAA3136CF90}.Debug|x86.Build.0 = Debug|Win32
		{6201F9C5-2ED8-45DD-9286-CAAA3136CF90}.Release|Any CPU.ActiveCfg = Release|Win32
		{6201F9C5-2ED8-45DD-9286-CAAA3136CF90}.Release|x64.ActiveCfg = Release|x64
		{6201F9C5-2ED8-45DD-9286-CAAA3136CF90}.Release|x64.Build.0 = Release|x64
		{6201F9C5-2ED8-45DD-9286-CAAA3136CF90}.Release|x86.ActiveCfg = Release|Win32
		{6201F9C5-2ED8-45DD-9286-CAAA3136CF90}.Release|x86.Build.0 = Release|Win32
		{AB076D79-FDCD-4BA3-84B7-B5FCEBADCD24}.Debug|Any CPU.ActiveCfg = Debug|Win32
		{AB076D79-FDCD-4BA3-84B7-B5FCEBADCD24}.Debug|x64.ActiveCfg = Debug|x64
		{AB076D79-FDCD-4BA3-84B7-B5FCEBADCD24}.Debug|x64.Build.0 = Debug|x64
		{AB076D79-FDCD-4BA3-84B7-B5FCEBADCD24}.Debug|x86.ActiveCfg = Debug|Win32
		{AB076D79-FDCD-4BA3-84B7-B5FCEBADCD24}.Debug|x86.Build.0 = Debug|Win32
		{AB076D79-FDCD-4BA3-84B7-B5FCEBADCD24}.Release|Any CPU.ActiveCfg = Release|Win32
		{AB076D79-FDCD-4BA3-84B7-B5FCEBADCD24}.Release|x64.ActiveCfg = Release|x64
		{AB076D79-FDCD-4BA3-84B7-B5FCEBADCD24}.Release|x64.Build.0 = Release|x64
		{AB076D79-FDCD-4BA3-84B7-B5FCEBADCD24}.Release|x86.ActiveCfg = Release|Win32
		{AB076D79-FDCD-4BA3-84B7-B5FCEBADCD24}.Release|x86.Build.0 = Release|Win32
		{DFEE20C4-A125-42A9-B12D-4327AB553CB0}.Debug|Any CPU.ActiveCfg = Debug|Any CPU
		{DFEE20C4-A125-42A9-B12D-4327AB553CB0}.Debug|x64.ActiveCfg = Debug|Any CPU
		{DFEE20C4-A125-42A9-B12D-4327AB553CB0}.Debug|x86.ActiveCfg = Debug|Any CPU
		{DFEE20C4-A125-42A9-B12D-4327AB553CB0}.Release|Any CPU.ActiveCfg = Release|Any CPU
		{DFEE20C4-A125-42A9-B12D-4327AB553CB0}.Release|x64.ActiveCfg = Release|Any CPU
		{DFEE20C4-A125-42A9-B12D-4327AB553CB0}.Release|x86.ActiveCfg = Release|Any CPU
	EndGlobalSection
	GlobalSection(SolutionProperties) = preSolution
		HideSolutionNode = FALSE
	EndGlobalSection
	GlobalSection(ExtensibilityGlobals) = postSolution
		SolutionGuid = {70785A86-0FAA-4948-8A12-02D9A6742D62}
	EndGlobalSection
EndGlobal
